<?xml version="1.0" encoding="utf-8"?>
<Project ToolsVersion="4.0" xmlns="http://schemas.microsoft.com/developer/msbuild/2003">
  <ItemGroup>
    <Filter Include="리소스 파일">
      <UniqueIdentifier>{67DA6AB6-F800-4c08-8B7A-83BB121AAD01}</UniqueIdentifier>
      <Extensions>rc;ico;cur;bmp;dlg;rc2;rct;bin;rgs;gif;jpg;jpeg;jpe;resx;tiff;tif;png;wav;mfcribbon-ms</Extensions>
    </Filter>
    <Filter Include="Managers">
      <UniqueIdentifier>{d53ec1ce-4b92-4eca-8976-536a4ab7b0bc}</UniqueIdentifier>
    </Filter>
    <Filter Include="Managers\SceneManager">
      <UniqueIdentifier>{7a0bf03e-7dd7-48c0-9bed-969f1436c659}</UniqueIdentifier>
    </Filter>
    <Filter Include="Scene">
      <UniqueIdentifier>{6cec3452-9cda-4b43-b60d-3b831b29854a}</UniqueIdentifier>
    </Filter>
    <Filter Include="Managers\Interface">
      <UniqueIdentifier>{396a1539-6b4a-422f-83de-c175a95ab215}</UniqueIdentifier>
    </Filter>
    <Filter Include="Managers\DeviceManager">
      <UniqueIdentifier>{63dfe63e-17c9-4340-8543-e1922b02d777}</UniqueIdentifier>
    </Filter>
    <Filter Include="Managers\MeshManager">
      <UniqueIdentifier>{dc2c4067-c5e8-4761-b947-cb3292d32d57}</UniqueIdentifier>
    </Filter>
    <Filter Include="GameObject">
      <UniqueIdentifier>{93da7bee-8909-41df-bb0f-757a9d89907f}</UniqueIdentifier>
    </Filter>
    <Filter Include="GameObject\Components">
      <UniqueIdentifier>{7018d791-66e6-4c31-b551-09987b00c32d}</UniqueIdentifier>
    </Filter>
    <Filter Include="GameObject\Components\Camera">
      <UniqueIdentifier>{c239d550-9967-4b70-a8ad-b4dc39f5b88b}</UniqueIdentifier>
    </Filter>
    <Filter Include="GameObject\Components\Transform">
      <UniqueIdentifier>{c4752a94-86d4-411a-ad70-a1b6818fba29}</UniqueIdentifier>
    </Filter>
    <Filter Include="GameObject\Components\Skybox">
      <UniqueIdentifier>{884fcb52-5d4f-4ee4-8c7a-ee0f006aeb1c}</UniqueIdentifier>
    </Filter>
    <Filter Include="GameObject\Components\Script">
      <UniqueIdentifier>{d953ea89-ea26-4efa-b20f-cb83a2c7bf39}</UniqueIdentifier>
    </Filter>
    <Filter Include="Testing codes">
      <UniqueIdentifier>{962c631e-27d3-4fae-99ab-3c9b1fdc0ba5}</UniqueIdentifier>
    </Filter>
    <Filter Include="Managers\InputManager">
      <UniqueIdentifier>{20f8a430-256b-4c40-8f35-fac421963cdd}</UniqueIdentifier>
    </Filter>
    <Filter Include="GameObject\Components\Physics">
      <UniqueIdentifier>{7dbf0494-5833-4b05-827b-6a41f0c86c50}</UniqueIdentifier>
    </Filter>
    <Filter Include="GameObject\Components\Image">
      <UniqueIdentifier>{7a5f41c9-260a-4136-87f7-7cc5d9bf254e}</UniqueIdentifier>
    </Filter>
    <Filter Include="GameObject\Components\Mesh">
      <UniqueIdentifier>{164e0e82-0c9a-41ef-8b9a-54cf984d896e}</UniqueIdentifier>
    </Filter>
    <Filter Include="GameObject\Components\Mesh\SkinnedMesh">
      <UniqueIdentifier>{6765ca18-11f9-4dbf-8806-102c28ed3fc6}</UniqueIdentifier>
    </Filter>
    <Filter Include="GameObject\Components\Mesh\StaticMesh">
      <UniqueIdentifier>{a50017ed-7956-47ac-a85c-abb5ef0f0cea}</UniqueIdentifier>
    </Filter>
    <Filter Include="GameObject\Components\Button">
      <UniqueIdentifier>{cdc36d0e-68ed-44ef-a9b4-c04756a6dffc}</UniqueIdentifier>
    </Filter>
    <Filter Include="GameObject\Components\SoundClip">
      <UniqueIdentifier>{5b619df4-f837-472f-934c-158ba4fcc8ce}</UniqueIdentifier>
    </Filter>
    <Filter Include="Managers\SoundManager">
      <UniqueIdentifier>{2667a416-d820-4135-ae36-d4961b87f1cc}</UniqueIdentifier>
    </Filter>
    <Filter Include="GameObject\Components\Effect">
      <UniqueIdentifier>{d8d28d50-84a7-497b-a728-acf907f1c43d}</UniqueIdentifier>
    </Filter>
    <Filter Include="GameObject\Components\Effect\Material">
      <UniqueIdentifier>{6ba0c7c4-4f22-4ea9-b210-ebd756c779a2}</UniqueIdentifier>
    </Filter>
  </ItemGroup>
  <ItemGroup>
    <ClCompile Include="Camera.cpp">
      <Filter>GameObject\Components\Camera</Filter>
    </ClCompile>
    <ClCompile Include="GameObject.cpp">
      <Filter>GameObject</Filter>
    </ClCompile>
    <ClCompile Include="SceneManager.cpp">
      <Filter>Managers\SceneManager</Filter>
    </ClCompile>
    <ClCompile Include="DeviceManager.cpp">
      <Filter>Managers\DeviceManager</Filter>
    </ClCompile>
    <ClCompile Include="MeshManager.cpp">
      <Filter>Managers\MeshManager</Filter>
    </ClCompile>
    <ClCompile Include="BoneHierarchyLoader.cpp">
      <Filter>GameObject\Components\Mesh\SkinnedMesh</Filter>
    </ClCompile>
    <ClCompile Include="SkinnedMesh.cpp">
      <Filter>GameObject\Components\Mesh\SkinnedMesh</Filter>
    </ClCompile>
    <ClCompile Include="Component.cpp">
      <Filter>GameObject\Components</Filter>
    </ClCompile>
    <ClCompile Include="Transform3D.cpp">
      <Filter>GameObject\Components\Transform</Filter>
    </ClCompile>
    <ClCompile Include="Scene.cpp">
      <Filter>Scene</Filter>
    </ClCompile>
    <ClCompile Include="Skybox.cpp">
      <Filter>GameObject\Components\Skybox</Filter>
    </ClCompile>
    <ClCompile Include="Vertex.cpp">
      <Filter>GameObject</Filter>
    </ClCompile>
    <ClCompile Include="Script.cpp">
      <Filter>GameObject\Components\Script</Filter>
    </ClCompile>
    <ClCompile Include="main.cpp">
      <Filter>Testing codes</Filter>
    </ClCompile>
    <ClCompile Include="GameCharecter.cpp">
      <Filter>Testing codes</Filter>
    </ClCompile>
    <ClCompile Include="InputManager.cpp">
      <Filter>Managers\InputManager</Filter>
    </ClCompile>
    <ClCompile Include="FirstTestCam.cpp">
      <Filter>Testing codes</Filter>
    </ClCompile>
    <ClCompile Include="RigidBody.cpp">
      <Filter>GameObject\Components\Physics</Filter>
    </ClCompile>
    <ClCompile Include="DebugDraw.cpp">
      <Filter>GameObject\Components\Physics</Filter>
    </ClCompile>
    <ClCompile Include="DrawShape.cpp">
      <Filter>Managers\DeviceManager</Filter>
    </ClCompile>
    <ClCompile Include="Image.cpp">
      <Filter>GameObject\Components\Image</Filter>
    </ClCompile>
    <ClCompile Include="Transform2D.cpp">
      <Filter>GameObject\Components\Transform</Filter>
    </ClCompile>
    <ClCompile Include="Button.cpp">
      <Filter>GameObject\Components\Button</Filter>
    </ClCompile>
    <ClCompile Include="SoundManager.cpp">
      <Filter>Managers\SoundManager</Filter>
    </ClCompile>
    <ClCompile Include="SoundClip.cpp">
      <Filter>GameObject\Components\SoundClip</Filter>
    </ClCompile>
    <ClCompile Include="IShader.cpp">
      <Filter>GameObject\Components\Effect</Filter>
    </ClCompile>
  </ItemGroup>
  <ItemGroup>
    <ClInclude Include="Camera.h">
      <Filter>GameObject\Components\Camera</Filter>
    </ClInclude>
    <ClInclude Include="headers.h" />
    <ClInclude Include="GameObject.h">
      <Filter>GameObject</Filter>
    </ClInclude>
    <ClInclude Include="SceneManager.h">
      <Filter>Managers\SceneManager</Filter>
    </ClInclude>
    <ClInclude Include="Scene.h">
      <Filter>Scene</Filter>
    </ClInclude>
    <ClInclude Include="ISingleton.h">
      <Filter>Managers\Interface</Filter>
    </ClInclude>
    <ClInclude Include="DeviceManager.h">
      <Filter>Managers\DeviceManager</Filter>
    </ClInclude>
    <ClInclude Include="MeshManager.h">
      <Filter>Managers\MeshManager</Filter>
    </ClInclude>
    <ClInclude Include="BoneHierarchyLoader.h">
      <Filter>GameObject\Components\Mesh\SkinnedMesh</Filter>
    </ClInclude>
    <ClInclude Include="SkinnedMesh.h">
      <Filter>GameObject\Components\Mesh\SkinnedMesh</Filter>
    </ClInclude>
    <ClInclude Include="Component.h">
      <Filter>GameObject\Components</Filter>
    </ClInclude>
    <ClInclude Include="Transform3D.h">
      <Filter>GameObject\Components\Transform</Filter>
    </ClInclude>
    <ClInclude Include="Skybox.h">
      <Filter>GameObject\Components\Skybox</Filter>
    </ClInclude>
    <ClInclude Include="Vertex.h">
      <Filter>GameObject</Filter>
    </ClInclude>
    <ClInclude Include="Script.h">
      <Filter>GameObject\Components\Script</Filter>
    </ClInclude>
    <ClInclude Include="GameCharecter.h">
      <Filter>Testing codes</Filter>
    </ClInclude>
    <ClInclude Include="InputManager.h">
      <Filter>Managers\InputManager</Filter>
    </ClInclude>
    <ClInclude Include="FirstTestCam.h">
      <Filter>Testing codes</Filter>
    </ClInclude>
    <ClInclude Include="RigidBody.h">
      <Filter>GameObject\Components\Physics</Filter>
    </ClInclude>
    <ClInclude Include="DebugDraw.h">
      <Filter>GameObject\Components\Physics</Filter>
    </ClInclude>
    <ClInclude Include="Image.h">
      <Filter>GameObject\Components\Image</Filter>
    </ClInclude>
    <ClInclude Include="Transform2D.h">
      <Filter>GameObject\Components\Transform</Filter>
    </ClInclude>
    <ClInclude Include="Button.h">
      <Filter>GameObject\Components\Button</Filter>
    </ClInclude>
    <ClInclude Include="SoundManager.h">
      <Filter>Managers\SoundManager</Filter>
    </ClInclude>
    <ClInclude Include="SoundClip.h">
      <Filter>GameObject\Components\SoundClip</Filter>
    </ClInclude>
    <ClInclude Include="IShader.h">
      <Filter>GameObject\Components\Effect</Filter>
    </ClInclude>
  </ItemGroup>
</Project>