
Microsoft Visual Studio Solution File, Format Version 12.00
# Visual Studio 14
VisualStudioVersion = 14.0.25420.1
MinimumVisualStudioVersion = 10.0.40219.1
Project("{8BC9CEB8-8B4A-11D0-8D11-00A0C91BC942}") = "Armedroids", "Armedroids\Armedroids.vcxproj", "{9659A864-C4DD-41AA-93AC-AD96475D20E3}"
EndProject
Project("{8BC9CEB8-8B4A-11D0-8D11-00A0C91BC942}") = "test", "test\test.vcxproj", "{422D0521-DF4C-4736-8569-D1186FB5931F}"
EndProject
Global
	GlobalSection(SolutionConfigurationPlatforms) = preSolution
		Debug|x64 = Debug|x64
		Debug|x86 = Debug|x86
		Release|x64 = Release|x64
		Release|x86 = Release|x86
	EndGlobalSection
	GlobalSection(ProjectConfigurationPlatforms) = postSolution
		{9659A864-C4DD-41AA-93AC-AD96475D20E3}.Debug|x64.ActiveCfg = Debug|x64
		{9659A864-C4DD-41AA-93AC-AD96475D20E3}.Debug|x64.Build.0 = Debug|x64
		{9659A864-C4DD-41AA-93AC-AD96475D20E3}.Debug|x86.ActiveCfg = Debug|Win32
		{9659A864-C4DD-41AA-93AC-AD96475D20E3}.Debug|x86.Build.0 = Debug|Win32
		{9659A864-C4DD-41AA-93AC-AD96475D20E3}.Release|x64.ActiveCfg = Release|x64
		{9659A864-C4DD-41AA-93AC-AD96475D20E3}.Release|x64.Build.0 = Release|x64
		{9659A864-C4DD-41AA-93AC-AD96475D20E3}.Release|x86.ActiveCfg = Release|Win32
		{9659A864-C4DD-41AA-93AC-AD96475D20E3}.Release|x86.Build.0 = Release|Win32
		{422D0521-DF4C-4736-8569-D1186FB5931F}.Debug|x64.ActiveCfg = Debug|x64
		{422D0521-DF4C-4736-8569-D1186FB5931F}.Debug|x64.Build.0 = Debug|x64
		{422D0521-DF4C-4736-8569-D1186FB5931F}.Debug|x86.ActiveCfg = Debug|Win32
		{422D0521-DF4C-4736-8569-D1186FB5931F}.Debug|x86.Build.0 = Debug|Win32
		{422D0521-DF4C-4736-8569-D1186FB5931F}.Release|x64.ActiveCfg = Release|x64
		{422D0521-DF4C-4736-8569-D1186FB5931F}.Release|x64.Build.0 = Release|x64
		{422D0521-DF4C-4736-8569-D1186FB5931F}.Release|x86.ActiveCfg = Release|Win32
		{422D0521-DF4C-4736-8569-D1186FB5931F}.Release|x86.Build.0 = Release|Win32
	EndGlobalSection
	GlobalSection(SolutionProperties) = preSolution
		HideSolutionNode = FALSE
	EndGlobalSection
EndGlobal
